// !$*UTF8*$!
{
	archiveVersion = 1;
	classes = {
	};
	objectVersion = 50;
	objects = {

/* Begin PBXBuildFile section */
		E221227F2697AA5F00807E8C /* AppDelegate.swift in Sources */ = {isa = PBXBuildFile; fileRef = E221227E2697AA5F00807E8C /* AppDelegate.swift */; };
		E22122812697AA5F00807E8C /* SceneDelegate.swift in Sources */ = {isa = PBXBuildFile; fileRef = E22122802697AA5F00807E8C /* SceneDelegate.swift */; };
		E22122862697AA5F00807E8C /* Main.storyboard in Resources */ = {isa = PBXBuildFile; fileRef = E22122842697AA5F00807E8C /* Main.storyboard */; };
		E22122882697AA6000807E8C /* Assets.xcassets in Resources */ = {isa = PBXBuildFile; fileRef = E22122872697AA6000807E8C /* Assets.xcassets */; };
		E221228B2697AA6000807E8C /* LaunchScreen.storyboard in Resources */ = {isa = PBXBuildFile; fileRef = E22122892697AA6000807E8C /* LaunchScreen.storyboard */; };
		E22122992697B50100807E8C /* PostListViewController.swift in Sources */ = {isa = PBXBuildFile; fileRef = E22122982697B50100807E8C /* PostListViewController.swift */; };
		E221229B2697B5ED00807E8C /* PostListRouter.swift in Sources */ = {isa = PBXBuildFile; fileRef = E221229A2697B5ED00807E8C /* PostListRouter.swift */; };
		E221229D2697B5F900807E8C /* PostListPresenter.swift in Sources */ = {isa = PBXBuildFile; fileRef = E221229C2697B5F900807E8C /* PostListPresenter.swift */; };
		E221229F2697B62800807E8C /* PostListInteractor.swift in Sources */ = {isa = PBXBuildFile; fileRef = E221229E2697B62800807E8C /* PostListInteractor.swift */; };
		E22122A12697B64700807E8C /* PostListModels.swift in Sources */ = {isa = PBXBuildFile; fileRef = E22122A02697B64700807E8C /* PostListModels.swift */; };
		E22122A42697B73B00807E8C /* Post.swift in Sources */ = {isa = PBXBuildFile; fileRef = E22122A32697B73B00807E8C /* Post.swift */; };
		E22122AF2697C81C00807E8C /* CommentListViewController.swift in Sources */ = {isa = PBXBuildFile; fileRef = E22122AA2697C81C00807E8C /* CommentListViewController.swift */; };
		E22122B02697C81C00807E8C /* CommentListModels.swift in Sources */ = {isa = PBXBuildFile; fileRef = E22122AB2697C81C00807E8C /* CommentListModels.swift */; };
		E22122B12697C81C00807E8C /* CommentListInteractor.swift in Sources */ = {isa = PBXBuildFile; fileRef = E22122AC2697C81C00807E8C /* CommentListInteractor.swift */; };
		E22122B22697C81C00807E8C /* CommentListRouter.swift in Sources */ = {isa = PBXBuildFile; fileRef = E22122AD2697C81C00807E8C /* CommentListRouter.swift */; };
		E22122B32697C81C00807E8C /* CommentListPresenter.swift in Sources */ = {isa = PBXBuildFile; fileRef = E22122AE2697C81C00807E8C /* CommentListPresenter.swift */; };
		E22122B52697C8BA00807E8C /* Comment.swift in Sources */ = {isa = PBXBuildFile; fileRef = E22122B42697C8BA00807E8C /* Comment.swift */; };
		E25354AC269C308B00BA6D67 /* CommentResult.swift in Sources */ = {isa = PBXBuildFile; fileRef = E25354AB269C308B00BA6D67 /* CommentResult.swift */; };
		E25354AE269C309200BA6D67 /* CommentListParams.swift in Sources */ = {isa = PBXBuildFile; fileRef = E25354AD269C309200BA6D67 /* CommentListParams.swift */; };
		E25354B0269C309C00BA6D67 /* CommentListWorker.swift in Sources */ = {isa = PBXBuildFile; fileRef = E25354AF269C309C00BA6D67 /* CommentListWorker.swift */; };
		E25354B3269C367100BA6D67 /* Refreshable.swift in Sources */ = {isa = PBXBuildFile; fileRef = E25354B2269C367100BA6D67 /* Refreshable.swift */; };
		E27548F2269BA034000968D7 /* NetworkWorker.swift in Sources */ = {isa = PBXBuildFile; fileRef = E27548E8269BA033000968D7 /* NetworkWorker.swift */; };
		E27548F3269BA034000968D7 /* DTOToDomainConverter.swift in Sources */ = {isa = PBXBuildFile; fileRef = E27548E9269BA033000968D7 /* DTOToDomainConverter.swift */; };
		E27548F4269BA034000968D7 /* PostResult.swift in Sources */ = {isa = PBXBuildFile; fileRef = E27548EC269BA033000968D7 /* PostResult.swift */; };
		E27548F7269BA034000968D7 /* PostListParams.swift in Sources */ = {isa = PBXBuildFile; fileRef = E27548F0269BA033000968D7 /* PostListParams.swift */; };
		E27548FA269BA0C3000968D7 /* PostListWorker.swift in Sources */ = {isa = PBXBuildFile; fileRef = E27548F9269BA0C3000968D7 /* PostListWorker.swift */; };
/* End PBXBuildFile section */

/* Begin PBXFileReference section */
		E221227B2697AA5E00807E8C /* CleanSwiftArchitecture.app */ = {isa = PBXFileReference; explicitFileType = wrapper.application; includeInIndex = 0; path = CleanSwiftArchitecture.app; sourceTree = BUILT_PRODUCTS_DIR; };
		E221227E2697AA5F00807E8C /* AppDelegate.swift */ = {isa = PBXFileReference; lastKnownFileType = sourcecode.swift; path = AppDelegate.swift; sourceTree = "<group>"; };
		E22122802697AA5F00807E8C /* SceneDelegate.swift */ = {isa = PBXFileReference; lastKnownFileType = sourcecode.swift; path = SceneDelegate.swift; sourceTree = "<group>"; };
		E22122852697AA5F00807E8C /* Base */ = {isa = PBXFileReference; lastKnownFileType = file.storyboard; name = Base; path = Base.lproj/Main.storyboard; sourceTree = "<group>"; };
		E22122872697AA6000807E8C /* Assets.xcassets */ = {isa = PBXFileReference; lastKnownFileType = folder.assetcatalog; path = Assets.xcassets; sourceTree = "<group>"; };
		E221228A2697AA6000807E8C /* Base */ = {isa = PBXFileReference; lastKnownFileType = file.storyboard; name = Base; path = Base.lproj/LaunchScreen.storyboard; sourceTree = "<group>"; };
		E221228C2697AA6000807E8C /* Info.plist */ = {isa = PBXFileReference; lastKnownFileType = text.plist.xml; path = Info.plist; sourceTree = "<group>"; };
		E22122982697B50100807E8C /* PostListViewController.swift */ = {isa = PBXFileReference; lastKnownFileType = sourcecode.swift; path = PostListViewController.swift; sourceTree = "<group>"; };
		E221229A2697B5ED00807E8C /* PostListRouter.swift */ = {isa = PBXFileReference; lastKnownFileType = sourcecode.swift; path = PostListRouter.swift; sourceTree = "<group>"; };
		E221229C2697B5F900807E8C /* PostListPresenter.swift */ = {isa = PBXFileReference; lastKnownFileType = sourcecode.swift; path = PostListPresenter.swift; sourceTree = "<group>"; };
		E221229E2697B62800807E8C /* PostListInteractor.swift */ = {isa = PBXFileReference; lastKnownFileType = sourcecode.swift; path = PostListInteractor.swift; sourceTree = "<group>"; };
		E22122A02697B64700807E8C /* PostListModels.swift */ = {isa = PBXFileReference; lastKnownFileType = sourcecode.swift; path = PostListModels.swift; sourceTree = "<group>"; };
		E22122A32697B73B00807E8C /* Post.swift */ = {isa = PBXFileReference; lastKnownFileType = sourcecode.swift; path = Post.swift; sourceTree = "<group>"; };
		E22122AA2697C81C00807E8C /* CommentListViewController.swift */ = {isa = PBXFileReference; fileEncoding = 4; lastKnownFileType = sourcecode.swift; path = CommentListViewController.swift; sourceTree = "<group>"; };
		E22122AB2697C81C00807E8C /* CommentListModels.swift */ = {isa = PBXFileReference; fileEncoding = 4; lastKnownFileType = sourcecode.swift; path = CommentListModels.swift; sourceTree = "<group>"; };
		E22122AC2697C81C00807E8C /* CommentListInteractor.swift */ = {isa = PBXFileReference; fileEncoding = 4; lastKnownFileType = sourcecode.swift; path = CommentListInteractor.swift; sourceTree = "<group>"; };
		E22122AD2697C81C00807E8C /* CommentListRouter.swift */ = {isa = PBXFileReference; fileEncoding = 4; lastKnownFileType = sourcecode.swift; path = CommentListRouter.swift; sourceTree = "<group>"; };
		E22122AE2697C81C00807E8C /* CommentListPresenter.swift */ = {isa = PBXFileReference; fileEncoding = 4; lastKnownFileType = sourcecode.swift; path = CommentListPresenter.swift; sourceTree = "<group>"; };
		E22122B42697C8BA00807E8C /* Comment.swift */ = {isa = PBXFileReference; lastKnownFileType = sourcecode.swift; path = Comment.swift; sourceTree = "<group>"; };
		E25354AB269C308B00BA6D67 /* CommentResult.swift */ = {isa = PBXFileReference; fileEncoding = 4; lastKnownFileType = sourcecode.swift; path = CommentResult.swift; sourceTree = "<group>"; };
		E25354AD269C309200BA6D67 /* CommentListParams.swift */ = {isa = PBXFileReference; fileEncoding = 4; lastKnownFileType = sourcecode.swift; path = CommentListParams.swift; sourceTree = "<group>"; };
		E25354AF269C309C00BA6D67 /* CommentListWorker.swift */ = {isa = PBXFileReference; fileEncoding = 4; lastKnownFileType = sourcecode.swift; path = CommentListWorker.swift; sourceTree = "<group>"; };
		E25354B2269C367100BA6D67 /* Refreshable.swift */ = {isa = PBXFileReference; lastKnownFileType = sourcecode.swift; path = Refreshable.swift; sourceTree = "<group>"; };
		E27548E8269BA033000968D7 /* NetworkWorker.swift */ = {isa = PBXFileReference; fileEncoding = 4; lastKnownFileType = sourcecode.swift; path = NetworkWorker.swift; sourceTree = "<group>"; };
		E27548E9269BA033000968D7 /* DTOToDomainConverter.swift */ = {isa = PBXFileReference; fileEncoding = 4; lastKnownFileType = sourcecode.swift; path = DTOToDomainConverter.swift; sourceTree = "<group>"; };
		E27548EC269BA033000968D7 /* PostResult.swift */ = {isa = PBXFileReference; fileEncoding = 4; lastKnownFileType = sourcecode.swift; path = PostResult.swift; sourceTree = "<group>"; };
		E27548F0269BA033000968D7 /* PostListParams.swift */ = {isa = PBXFileReference; fileEncoding = 4; lastKnownFileType = sourcecode.swift; path = PostListParams.swift; sourceTree = "<group>"; };
		E27548F9269BA0C3000968D7 /* PostListWorker.swift */ = {isa = PBXFileReference; fileEncoding = 4; lastKnownFileType = sourcecode.swift; path = PostListWorker.swift; sourceTree = "<group>"; };
/* End PBXFileReference section */

/* Begin PBXFrameworksBuildPhase section */
		E22122782697AA5E00807E8C /* Frameworks */ = {
			isa = PBXFrameworksBuildPhase;
			buildActionMask = 2147483647;
			files = (
			);
			runOnlyForDeploymentPostprocessing = 0;
		};
/* End PBXFrameworksBuildPhase section */

/* Begin PBXGroup section */
		E22122722697AA5E00807E8C = {
			isa = PBXGroup;
			children = (
				E221227D2697AA5E00807E8C /* CleanSwiftArchitecture */,
				E221227C2697AA5E00807E8C /* Products */,
			);
			sourceTree = "<group>";
		};
		E221227C2697AA5E00807E8C /* Products */ = {
			isa = PBXGroup;
			children = (
				E221227B2697AA5E00807E8C /* CleanSwiftArchitecture.app */,
			);
			name = Products;
			sourceTree = "<group>";
		};
		E221227D2697AA5E00807E8C /* CleanSwiftArchitecture */ = {
			isa = PBXGroup;
			children = (
				E25354B1269C361600BA6D67 /* Common */,
				E27548EA269BA033000968D7 /* DTO */,
				E27548E7269BA033000968D7 /* Workers */,
				E22122A22697B72E00807E8C /* Models */,
				E22122942697AB9E00807E8C /* Scenes */,
				E22122922697AA7900807E8C /* System */,
				E22122932697AB3E00807E8C /* Resources */,
				E22122842697AA5F00807E8C /* Main.storyboard */,
				E221228C2697AA6000807E8C /* Info.plist */,
			);
			path = CleanSwiftArchitecture;
			sourceTree = "<group>";
		};
		E22122922697AA7900807E8C /* System */ = {
			isa = PBXGroup;
			children = (
				E221227E2697AA5F00807E8C /* AppDelegate.swift */,
				E22122802697AA5F00807E8C /* SceneDelegate.swift */,
			);
			path = System;
			sourceTree = "<group>";
		};
		E22122932697AB3E00807E8C /* Resources */ = {
			isa = PBXGroup;
			children = (
				E22122872697AA6000807E8C /* Assets.xcassets */,
				E22122892697AA6000807E8C /* LaunchScreen.storyboard */,
			);
			path = Resources;
			sourceTree = "<group>";
		};
		E22122942697AB9E00807E8C /* Scenes */ = {
			isa = PBXGroup;
			children = (
				E22122962697B4A200807E8C /* PostList */,
				E22122A92697C81C00807E8C /* CommentList */,
			);
			path = Scenes;
			sourceTree = "<group>";
		};
		E22122962697B4A200807E8C /* PostList */ = {
			isa = PBXGroup;
			children = (
				E22122982697B50100807E8C /* PostListViewController.swift */,
				E221229A2697B5ED00807E8C /* PostListRouter.swift */,
				E221229C2697B5F900807E8C /* PostListPresenter.swift */,
				E221229E2697B62800807E8C /* PostListInteractor.swift */,
				E22122A02697B64700807E8C /* PostListModels.swift */,
				E27548F9269BA0C3000968D7 /* PostListWorker.swift */,
			);
			path = PostList;
			sourceTree = "<group>";
		};
		E22122A22697B72E00807E8C /* Models */ = {
			isa = PBXGroup;
			children = (
				E22122A32697B73B00807E8C /* Post.swift */,
				E22122B42697C8BA00807E8C /* Comment.swift */,
			);
			path = Models;
			sourceTree = "<group>";
		};
		E22122A92697C81C00807E8C /* CommentList */ = {
			isa = PBXGroup;
			children = (
				E22122AA2697C81C00807E8C /* CommentListViewController.swift */,
				E22122AB2697C81C00807E8C /* CommentListModels.swift */,
				E22122AC2697C81C00807E8C /* CommentListInteractor.swift */,
				E22122AD2697C81C00807E8C /* CommentListRouter.swift */,
				E22122AE2697C81C00807E8C /* CommentListPresenter.swift */,
				E25354AF269C309C00BA6D67 /* CommentListWorker.swift */,
			);
			path = CommentList;
			sourceTree = "<group>";
		};
		E25354B1269C361600BA6D67 /* Common */ = {
			isa = PBXGroup;
			children = (
				E25354B2269C367100BA6D67 /* Refreshable.swift */,
			);
			path = Common;
			sourceTree = "<group>";
		};
		E27548E7269BA033000968D7 /* Workers */ = {
			isa = PBXGroup;
			children = (
				E27548E8269BA033000968D7 /* NetworkWorker.swift */,
				E27548E9269BA033000968D7 /* DTOToDomainConverter.swift */,
			);
			path = Workers;
			sourceTree = "<group>";
		};
		E27548EA269BA033000968D7 /* DTO */ = {
			isa = PBXGroup;
			children = (
				E27548EB269BA033000968D7 /* Result */,
				E27548EF269BA033000968D7 /* Params */,
			);
			path = DTO;
			sourceTree = "<group>";
		};
		E27548EB269BA033000968D7 /* Result */ = {
			isa = PBXGroup;
			children = (
				E27548EC269BA033000968D7 /* PostResult.swift */,
				E25354AB269C308B00BA6D67 /* CommentResult.swift */,
			);
			path = Result;
			sourceTree = "<group>";
		};
		E27548EF269BA033000968D7 /* Params */ = {
			isa = PBXGroup;
			children = (
				E27548F0269BA033000968D7 /* PostListParams.swift */,
				E25354AD269C309200BA6D67 /* CommentListParams.swift */,
			);
			path = Params;
			sourceTree = "<group>";
		};
/* End PBXGroup section */

/* Begin PBXNativeTarget section */
		E221227A2697AA5E00807E8C /* CleanSwiftArchitecture */ = {
			isa = PBXNativeTarget;
			buildConfigurationList = E221228F2697AA6000807E8C /* Build configuration list for PBXNativeTarget "CleanSwiftArchitecture" */;
			buildPhases = (
				E22122772697AA5E00807E8C /* Sources */,
				E22122782697AA5E00807E8C /* Frameworks */,
				E22122792697AA5E00807E8C /* Resources */,
			);
			buildRules = (
			);
			dependencies = (
			);
			name = CleanSwiftArchitecture;
			productName = CleanSwiftArchitecture;
			productReference = E221227B2697AA5E00807E8C /* CleanSwiftArchitecture.app */;
			productType = "com.apple.product-type.application";
		};
/* End PBXNativeTarget section */

/* Begin PBXProject section */
		E22122732697AA5E00807E8C /* Project object */ = {
			isa = PBXProject;
			attributes = {
				LastSwiftUpdateCheck = 1250;
				LastUpgradeCheck = 1250;
				TargetAttributes = {
					E221227A2697AA5E00807E8C = {
						CreatedOnToolsVersion = 12.5.1;
					};
				};
			};
			buildConfigurationList = E22122762697AA5E00807E8C /* Build configuration list for PBXProject "CleanSwiftArchitecture" */;
			compatibilityVersion = "Xcode 9.3";
			developmentRegion = en;
			hasScannedForEncodings = 0;
			knownRegions = (
				en,
				Base,
			);
			mainGroup = E22122722697AA5E00807E8C;
			productRefGroup = E221227C2697AA5E00807E8C /* Products */;
			projectDirPath = "";
			projectRoot = "";
			targets = (
				E221227A2697AA5E00807E8C /* CleanSwiftArchitecture */,
			);
		};
/* End PBXProject section */

/* Begin PBXResourcesBuildPhase section */
		E22122792697AA5E00807E8C /* Resources */ = {
			isa = PBXResourcesBuildPhase;
			buildActionMask = 2147483647;
			files = (
				E221228B2697AA6000807E8C /* LaunchScreen.storyboard in Resources */,
				E22122882697AA6000807E8C /* Assets.xcassets in Resources */,
				E22122862697AA5F00807E8C /* Main.storyboard in Resources */,
			);
			runOnlyForDeploymentPostprocessing = 0;
		};
/* End PBXResourcesBuildPhase section */

/* Begin PBXSourcesBuildPhase section */
		E22122772697AA5E00807E8C /* Sources */ = {
			isa = PBXSourcesBuildPhase;
			buildActionMask = 2147483647;
			files = (
				E22122B12697C81C00807E8C /* CommentListInteractor.swift in Sources */,
				E25354AE269C309200BA6D67 /* CommentListParams.swift in Sources */,
				E22122A12697B64700807E8C /* PostListModels.swift in Sources */,
				E22122B22697C81C00807E8C /* CommentListRouter.swift in Sources */,
				E221229F2697B62800807E8C /* PostListInteractor.swift in Sources */,
				E221229D2697B5F900807E8C /* PostListPresenter.swift in Sources */,
				E22122992697B50100807E8C /* PostListViewController.swift in Sources */,
				E221227F2697AA5F00807E8C /* AppDelegate.swift in Sources */,
				E22122B52697C8BA00807E8C /* Comment.swift in Sources */,
				E25354AC269C308B00BA6D67 /* CommentResult.swift in Sources */,
				E27548F4269BA034000968D7 /* PostResult.swift in Sources */,
				E25354B3269C367100BA6D67 /* Refreshable.swift in Sources */,
				E27548F2269BA034000968D7 /* NetworkWorker.swift in Sources */,
				E221229B2697B5ED00807E8C /* PostListRouter.swift in Sources */,
				E22122B32697C81C00807E8C /* CommentListPresenter.swift in Sources */,
				E27548F7269BA034000968D7 /* PostListParams.swift in Sources */,
				E22122AF2697C81C00807E8C /* CommentListViewController.swift in Sources */,
				E22122B02697C81C00807E8C /* CommentListModels.swift in Sources */,
				E27548FA269BA0C3000968D7 /* PostListWorker.swift in Sources */,
				E22122812697AA5F00807E8C /* SceneDelegate.swift in Sources */,
				E25354B0269C309C00BA6D67 /* CommentListWorker.swift in Sources */,
				E22122A42697B73B00807E8C /* Post.swift in Sources */,
				E27548F3269BA034000968D7 /* DTOToDomainConverter.swift in Sources */,
			);
			runOnlyForDeploymentPostprocessing = 0;
		};
/* End PBXSourcesBuildPhase section */

/* Begin PBXVariantGroup section */
		E22122842697AA5F00807E8C /* Main.storyboard */ = {
			isa = PBXVariantGroup;
			children = (
				E22122852697AA5F00807E8C /* Base */,
			);
			name = Main.storyboard;
			sourceTree = "<group>";
		};
		E22122892697AA6000807E8C /* LaunchScreen.storyboard */ = {
			isa = PBXVariantGroup;
			children = (
				E221228A2697AA6000807E8C /* Base */,
			);
			name = LaunchScreen.storyboard;
			sourceTree = "<group>";
		};
/* End PBXVariantGroup section */

/* Begin XCBuildConfiguration section */
		E221228D2697AA6000807E8C /* Debug */ = {
			isa = XCBuildConfiguration;
			buildSettings = {
				ALWAYS_SEARCH_USER_PATHS = NO;
				CLANG_ANALYZER_NONNULL = YES;
				CLANG_ANALYZER_NUMBER_OBJECT_CONVERSION = YES_AGGRESSIVE;
				CLANG_CXX_LANGUAGE_STANDARD = "gnu++14";
				CLANG_CXX_LIBRARY = "libc++";
				CLANG_ENABLE_MODULES = YES;
				CLANG_ENABLE_OBJC_ARC = YES;
				CLANG_ENABLE_OBJC_WEAK = YES;
				CLANG_WARN_BLOCK_CAPTURE_AUTORELEASING = YES;
				CLANG_WARN_BOOL_CONVERSION = YES;
				CLANG_WARN_COMMA = YES;
				CLANG_WARN_CONSTANT_CONVERSION = YES;
				CLANG_WARN_DEPRECATED_OBJC_IMPLEMENTATIONS = YES;
				CLANG_WARN_DIRECT_OBJC_ISA_USAGE = YES_ERROR;
				CLANG_WARN_DOCUMENTATION_COMMENTS = YES;
				CLANG_WARN_EMPTY_BODY = YES;
				CLANG_WARN_ENUM_CONVERSION = YES;
				CLANG_WARN_INFINITE_RECURSION = YES;
				CLANG_WARN_INT_CONVERSION = YES;
				CLANG_WARN_NON_LITERAL_NULL_CONVERSION = YES;
				CLANG_WARN_OBJC_IMPLICIT_RETAIN_SELF = YES;
				CLANG_WARN_OBJC_LITERAL_CONVERSION = YES;
				CLANG_WARN_OBJC_ROOT_CLASS = YES_ERROR;
				CLANG_WARN_QUOTED_INCLUDE_IN_FRAMEWORK_HEADER = YES;
				CLANG_WARN_RANGE_LOOP_ANALYSIS = YES;
				CLANG_WARN_STRICT_PROTOTYPES = YES;
				CLANG_WARN_SUSPICIOUS_MOVE = YES;
				CLANG_WARN_UNGUARDED_AVAILABILITY = YES_AGGRESSIVE;
				CLANG_WARN_UNREACHABLE_CODE = YES;
				CLANG_WARN__DUPLICATE_METHOD_MATCH = YES;
				COPY_PHASE_STRIP = NO;
				DEBUG_INFORMATION_FORMAT = dwarf;
				ENABLE_STRICT_OBJC_MSGSEND = YES;
				ENABLE_TESTABILITY = YES;
				GCC_C_LANGUAGE_STANDARD = gnu11;
				GCC_DYNAMIC_NO_PIC = NO;
				GCC_NO_COMMON_BLOCKS = YES;
				GCC_OPTIMIZATION_LEVEL = 0;
				GCC_PREPROCESSOR_DEFINITIONS = (
					"DEBUG=1",
					"$(inherited)",
				);
				GCC_WARN_64_TO_32_BIT_CONVERSION = YES;
				GCC_WARN_ABOUT_RETURN_TYPE = YES_ERROR;
				GCC_WARN_UNDECLARED_SELECTOR = YES;
				GCC_WARN_UNINITIALIZED_AUTOS = YES_AGGRESSIVE;
				GCC_WARN_UNUSED_FUNCTION = YES;
				GCC_WARN_UNUSED_VARIABLE = YES;
				IPHONEOS_DEPLOYMENT_TARGET = 14.5;
				MTL_ENABLE_DEBUG_INFO = INCLUDE_SOURCE;
				MTL_FAST_MATH = YES;
				ONLY_ACTIVE_ARCH = YES;
				SDKROOT = iphoneos;
				SWIFT_ACTIVE_COMPILATION_CONDITIONS = DEBUG;
				SWIFT_OPTIMIZATION_LEVEL = "-Onone";
			};
			name = Debug;
		};
		E221228E2697AA6000807E8C /* Release */ = {
			isa = XCBuildConfiguration;
			buildSettings = {
				ALWAYS_SEARCH_USER_PATHS = NO;
				CLANG_ANALYZER_NONNULL = YES;
				CLANG_ANALYZER_NUMBER_OBJECT_CONVERSION = YES_AGGRESSIVE;
				CLANG_CXX_LANGUAGE_STANDARD = "gnu++14";
				CLANG_CXX_LIBRARY = "libc++";
				CLANG_ENABLE_MODULES = YES;
				CLANG_ENABLE_OBJC_ARC = YES;
				CLANG_ENABLE_OBJC_WEAK = YES;
				CLANG_WARN_BLOCK_CAPTURE_AUTORELEASING = YES;
				CLANG_WARN_BOOL_CONVERSION = YES;
				CLANG_WARN_COMMA = YES;
				CLANG_WARN_CONSTANT_CONVERSION = YES;
				CLANG_WARN_DEPRECATED_OBJC_IMPLEMENTATIONS = YES;
				CLANG_WARN_DIRECT_OBJC_ISA_USAGE = YES_ERROR;
				CLANG_WARN_DOCUMENTATION_COMMENTS = YES;
				CLANG_WARN_EMPTY_BODY = YES;
				CLANG_WARN_ENUM_CONVERSION = YES;
				CLANG_WARN_INFINITE_RECURSION = YES;
				CLANG_WARN_INT_CONVERSION = YES;
				CLANG_WARN_NON_LITERAL_NULL_CONVERSION = YES;
				CLANG_WARN_OBJC_IMPLICIT_RETAIN_SELF = YES;
				CLANG_WARN_OBJC_LITERAL_CONVERSION = YES;
				CLANG_WARN_OBJC_ROOT_CLASS = YES_ERROR;
				CLANG_WARN_QUOTED_INCLUDE_IN_FRAMEWORK_HEADER = YES;
				CLANG_WARN_RANGE_LOOP_ANALYSIS = YES;
				CLANG_WARN_STRICT_PROTOTYPES = YES;
				CLANG_WARN_SUSPICIOUS_MOVE = YES;
				CLANG_WARN_UNGUARDED_AVAILABILITY = YES_AGGRESSIVE;
				CLANG_WARN_UNREACHABLE_CODE = YES;
				CLANG_WARN__DUPLICATE_METHOD_MATCH = YES;
				COPY_PHASE_STRIP = NO;
				DEBUG_INFORMATION_FORMAT = "dwarf-with-dsym";
				ENABLE_NS_ASSERTIONS = NO;
				ENABLE_STRICT_OBJC_MSGSEND = YES;
				GCC_C_LANGUAGE_STANDARD = gnu11;
				GCC_NO_COMMON_BLOCKS = YES;
				GCC_WARN_64_TO_32_BIT_CONVERSION = YES;
				GCC_WARN_ABOUT_RETURN_TYPE = YES_ERROR;
				GCC_WARN_UNDECLARED_SELECTOR = YES;
				GCC_WARN_UNINITIALIZED_AUTOS = YES_AGGRESSIVE;
				GCC_WARN_UNUSED_FUNCTION = YES;
				GCC_WARN_UNUSED_VARIABLE = YES;
				IPHONEOS_DEPLOYMENT_TARGET = 14.5;
				MTL_ENABLE_DEBUG_INFO = NO;
				MTL_FAST_MATH = YES;
				SDKROOT = iphoneos;
				SWIFT_COMPILATION_MODE = wholemodule;
				SWIFT_OPTIMIZATION_LEVEL = "-O";
				VALIDATE_PRODUCT = YES;
			};
			name = Release;
		};
		E22122902697AA6000807E8C /* Debug */ = {
			isa = XCBuildConfiguration;
			buildSettings = {
				ASSETCATALOG_COMPILER_APPICON_NAME = AppIcon;
				ASSETCATALOG_COMPILER_GLOBAL_ACCENT_COLOR_NAME = AccentColor;
				CODE_SIGN_STYLE = Automatic;
				DEVELOPMENT_TEAM = DL33FK625P;
				INFOPLIST_FILE = CleanSwiftArchitecture/Info.plist;
				LD_RUNPATH_SEARCH_PATHS = (
					"$(inherited)",
					"@executable_path/Frameworks",
				);
				PRODUCT_BUNDLE_IDENTIFIER = olgadudina.CleanSwiftArchitecture;
				PRODUCT_NAME = "$(TARGET_NAME)";
				SWIFT_VERSION = 5.0;
				TARGETED_DEVICE_FAMILY = "1,2";
			};
			name = Debug;
		};
		E22122912697AA6000807E8C /* Release */ = {
			isa = XCBuildConfiguration;
			buildSettings = {
				ASSETCATALOG_COMPILER_APPICON_NAME = AppIcon;
				ASSETCATALOG_COMPILER_GLOBAL_ACCENT_COLOR_NAME = AccentColor;
				CODE_SIGN_STYLE = Automatic;
				DEVELOPMENT_TEAM = DL33FK625P;
				INFOPLIST_FILE = CleanSwiftArchitecture/Info.plist;
				LD_RUNPATH_SEARCH_PATHS = (
					"$(inherited)",
					"@executable_path/Frameworks",
				);
				PRODUCT_BUNDLE_IDENTIFIER = olgadudina.CleanSwiftArchitecture;
				PRODUCT_NAME = "$(TARGET_NAME)";
				SWIFT_VERSION = 5.0;
				TARGETED_DEVICE_FAMILY = "1,2";
			};
			name = Release;
		};
/* End XCBuildConfiguration section */

/* Begin XCConfigurationList section */
		E22122762697AA5E00807E8C /* Build configuration list for PBXProject "CleanSwiftArchitecture" */ = {
			isa = XCConfigurationList;
			buildConfigurations = (
				E221228D2697AA6000807E8C /* Debug */,
				E221228E2697AA6000807E8C /* Release */,
			);
			defaultConfigurationIsVisible = 0;
			defaultConfigurationName = Release;
		};
		E221228F2697AA6000807E8C /* Build configuration list for PBXNativeTarget "CleanSwiftArchitecture" */ = {
			isa = XCConfigurationList;
			buildConfigurations = (
				E22122902697AA6000807E8C /* Debug */,
				E22122912697AA6000807E8C /* Release */,
			);
			defaultConfigurationIsVisible = 0;
			defaultConfigurationName = Release;
		};
/* End XCConfigurationList section */
	};
	rootObject = E22122732697AA5E00807E8C /* Project object */;
}
